{
  "name": "aws",
  "version": "0.1.0",
  "lockfileVersion": 1,
  "requires": true,
  "dependencies": {
    "@aws-cdk/assets": {
      "version": "0.23.0",
      "resolved": "https://registry.npmjs.org/@aws-cdk/assets/-/assets-0.23.0.tgz",
      "integrity": "sha512-FxbLpPKYNg6F7/+cwZuI6Z3jSyE0W4NgEd0EiEvb5rscT3hGIGwDMGn9SfDGvLU+PvJDsEi3O8WlI78B6Bz6Ww==",
      "requires": {
        "@aws-cdk/aws-iam": "^0.23.0",
        "@aws-cdk/aws-s3": "^0.23.0",
        "@aws-cdk/cdk": "^0.23.0",
        "@aws-cdk/cx-api": "^0.23.0"
      }
    },
    "@aws-cdk/aws-apigateway": {
      "version": "0.23.0",
      "resolved": "https://registry.npmjs.org/@aws-cdk/aws-apigateway/-/aws-apigateway-0.23.0.tgz",
      "integrity": "sha512-YVr4c+8gQi44xQMT/QQquPokUaNq76zVw+7B6vbpR3zgrQKPte+Y1ls31LPnsLQaCxHSyy+5sngdg2kd6EnGtA==",
      "requires": {
        "@aws-cdk/aws-elasticloadbalancingv2": "^0.23.0",
        "@aws-cdk/aws-iam": "^0.23.0",
        "@aws-cdk/aws-lambda": "^0.23.0",
        "@aws-cdk/cdk": "^0.23.0"
      }
    },
    "@aws-cdk/aws-applicationautoscaling": {
      "version": "0.23.0",
      "resolved": "https://registry.npmjs.org/@aws-cdk/aws-applicationautoscaling/-/aws-applicationautoscaling-0.23.0.tgz",
      "integrity": "sha512-q38j3t+M4K9/7NhSBE74Wf4NS/QLmmiCPSRWztV5KDbRLTLqhcxGlrJdQVp0LLx9mIHZNi9K8SnXbXXYYyVApw==",
      "requires": {
        "@aws-cdk/aws-autoscaling-common": "^0.23.0",
        "@aws-cdk/aws-cloudwatch": "^0.23.0",
        "@aws-cdk/aws-iam": "^0.23.0",
        "@aws-cdk/cdk": "^0.23.0"
      }
    },
    "@aws-cdk/aws-autoscaling-api": {
      "version": "0.23.0",
      "resolved": "https://registry.npmjs.org/@aws-cdk/aws-autoscaling-api/-/aws-autoscaling-api-0.23.0.tgz",
      "integrity": "sha512-kxFKZPo427mMmPAVf2rxEI7gnZbpxXoy9anVzCE/4rwPzZcbw6+j2IrfApzIN7wva5mxIgkyzjjhmxpYODWmhA==",
      "requires": {
        "@aws-cdk/aws-iam": "^0.23.0",
        "@aws-cdk/cdk": "^0.23.0"
      }
    },
    "@aws-cdk/aws-autoscaling-common": {
      "version": "0.23.0",
      "resolved": "https://registry.npmjs.org/@aws-cdk/aws-autoscaling-common/-/aws-autoscaling-common-0.23.0.tgz",
      "integrity": "sha512-KYz4iqd5QP3p18PWuCRpsqNIl7jMf0xDjARlfGx/C/ck873LXgbSz9X1vggHhrmZj6vos41DGHRLSHLP6RYjoA==",
      "requires": {
        "@aws-cdk/aws-iam": "^0.23.0",
        "@aws-cdk/cdk": "^0.23.0"
      }
    },
    "@aws-cdk/aws-cloudwatch": {
      "version": "0.23.0",
      "resolved": "https://registry.npmjs.org/@aws-cdk/aws-cloudwatch/-/aws-cloudwatch-0.23.0.tgz",
      "integrity": "sha512-AHzuwrXr21h5eYrdau3IM/XgE2TDlIaVLhPu7W1fPIbD6jhmO5W0yhE1nL1UGgbJq41oks3/VbHAvQ8o1SwzYQ==",
      "requires": {
        "@aws-cdk/aws-iam": "^0.23.0",
        "@aws-cdk/cdk": "^0.23.0"
      }
    },
    "@aws-cdk/aws-codedeploy-api": {
      "version": "0.23.0",
      "resolved": "https://registry.npmjs.org/@aws-cdk/aws-codedeploy-api/-/aws-codedeploy-api-0.23.0.tgz",
      "integrity": "sha512-49F1GcrNIyWcuSzw780bQpTnkw6/ihSTTXwvgYNFwd6s/aV1KyF9mu8J1OKYQBZjqeCL+GPoYy83b+F3DNczLw==",
      "requires": {
        "@aws-cdk/cdk": "^0.23.0"
      }
    },
    "@aws-cdk/aws-codepipeline-api": {
      "version": "0.23.0",
      "resolved": "https://registry.npmjs.org/@aws-cdk/aws-codepipeline-api/-/aws-codepipeline-api-0.23.0.tgz",
      "integrity": "sha512-MSNKdKsStlABs67nE/CHYEhnX3WjdK5EvQ+JSRSqxaZBJLlqmhPAXDrbz1eHbXPAhXyWkauJ5WN0Y3wV9A+ERg==",
      "requires": {
        "@aws-cdk/aws-events": "^0.23.0",
        "@aws-cdk/aws-iam": "^0.23.0",
        "@aws-cdk/cdk": "^0.23.0"
      }
    },
    "@aws-cdk/aws-dynamodb": {
      "version": "0.23.0",
      "resolved": "https://registry.npmjs.org/@aws-cdk/aws-dynamodb/-/aws-dynamodb-0.23.0.tgz",
      "integrity": "sha512-cxCu6TClNcth9BSUoULW7NzLKACTNt7rVfKxbFItzECWaN333iMKcEL92JjYnT0q7bBTyQSe5t6I+KXiMpuUCA==",
      "requires": {
        "@aws-cdk/aws-applicationautoscaling": "^0.23.0",
        "@aws-cdk/aws-iam": "^0.23.0",
        "@aws-cdk/cdk": "^0.23.0"
      }
    },
    "@aws-cdk/aws-ec2": {
      "version": "0.23.0",
      "resolved": "https://registry.npmjs.org/@aws-cdk/aws-ec2/-/aws-ec2-0.23.0.tgz",
      "integrity": "sha512-CSZIkc5rhGe1ffMnp52QQ9L/Zv/d4UqCZ0YuYCl224eTwFFRGAAjWwx+s9NHsJ+IwPm4AFN4KfuPOvwmiKLCsg==",
      "requires": {
        "@aws-cdk/aws-iam": "^0.23.0",
        "@aws-cdk/cdk": "^0.23.0",
        "@aws-cdk/cx-api": "^0.23.0"
      }
    },
    "@aws-cdk/aws-elasticloadbalancingv2": {
      "version": "0.23.0",
      "resolved": "https://registry.npmjs.org/@aws-cdk/aws-elasticloadbalancingv2/-/aws-elasticloadbalancingv2-0.23.0.tgz",
      "integrity": "sha512-cgz9F2TkxDP4R5tnZ9GTrsy7AkIY6zfVQfDgXhLA2ysXK4irQML06zPS03WlQHos5nJVBKBda+Xo2A2TqE/46A==",
      "requires": {
        "@aws-cdk/aws-cloudwatch": "^0.23.0",
        "@aws-cdk/aws-codedeploy-api": "^0.23.0",
        "@aws-cdk/aws-ec2": "^0.23.0",
        "@aws-cdk/aws-iam": "^0.23.0",
        "@aws-cdk/aws-route53": "^0.23.0",
        "@aws-cdk/aws-s3": "^0.23.0",
        "@aws-cdk/cdk": "^0.23.0"
      }
    },
    "@aws-cdk/aws-events": {
      "version": "0.23.0",
      "resolved": "https://registry.npmjs.org/@aws-cdk/aws-events/-/aws-events-0.23.0.tgz",
      "integrity": "sha512-PdgOHYuZxkKX8DZ37RGRMKQc5EEVpdnTT95J0Ysm3ROF/JYzqGUlH3qR5K1fUD2Yw0Xfmwe9Zikm+9gGlHlW0w==",
      "requires": {
        "@aws-cdk/aws-iam": "^0.23.0",
        "@aws-cdk/cdk": "^0.23.0"
      }
    },
    "@aws-cdk/aws-iam": {
      "version": "0.23.0",
      "resolved": "https://registry.npmjs.org/@aws-cdk/aws-iam/-/aws-iam-0.23.0.tgz",
      "integrity": "sha512-Y/dyR/+dX5rjeVNpwC9pVa1E2kaFcLVO219gqQEEDVGBiCNFVAvBD5MleSGJh9v6IdsaRCNDcJVgS8CZi/D6OQ==",
      "requires": {
        "@aws-cdk/cdk": "^0.23.0"
      }
    },
    "@aws-cdk/aws-kms": {
      "version": "0.23.0",
      "resolved": "https://registry.npmjs.org/@aws-cdk/aws-kms/-/aws-kms-0.23.0.tgz",
      "integrity": "sha512-X1r99bqyTm2hrtNAQvSSmX522ABE+07ra/lwmPDhD/VvIgGP7ie0TdPIb6wSvT4EPgn4mY+pmXqsg79XexjfwQ==",
      "requires": {
        "@aws-cdk/aws-iam": "^0.23.0",
        "@aws-cdk/cdk": "^0.23.0"
      }
    },
    "@aws-cdk/aws-lambda": {
      "version": "0.23.0",
      "resolved": "https://registry.npmjs.org/@aws-cdk/aws-lambda/-/aws-lambda-0.23.0.tgz",
      "integrity": "sha512-Hf89+yNoirhIJNYn/MIwP6krGOJoV/v4p22YA39Je1O3K72lCsWcKIyUumJgBGtoerR6uos2UNNWn4FmqB1K+g==",
      "requires": {
        "@aws-cdk/assets": "^0.23.0",
        "@aws-cdk/aws-cloudwatch": "^0.23.0",
        "@aws-cdk/aws-codepipeline-api": "^0.23.0",
        "@aws-cdk/aws-ec2": "^0.23.0",
        "@aws-cdk/aws-events": "^0.23.0",
        "@aws-cdk/aws-iam": "^0.23.0",
        "@aws-cdk/aws-logs": "^0.23.0",
        "@aws-cdk/aws-s3": "^0.23.0",
        "@aws-cdk/aws-s3-notifications": "^0.23.0",
        "@aws-cdk/aws-sqs": "^0.23.0",
        "@aws-cdk/aws-stepfunctions": "^0.23.0",
        "@aws-cdk/cdk": "^0.23.0",
        "@aws-cdk/cx-api": "^0.23.0"
      }
    },
    "@aws-cdk/aws-logs": {
      "version": "0.23.0",
      "resolved": "https://registry.npmjs.org/@aws-cdk/aws-logs/-/aws-logs-0.23.0.tgz",
      "integrity": "sha512-v5WyO0Y4O0vcH70LdpC+9Y9agB3AUYyQfK6KsErMgtC+DaYJc7ogqhUM3K9NQM095D6rkG4HQO888XN+Lsy2AA==",
      "requires": {
        "@aws-cdk/aws-cloudwatch": "^0.23.0",
        "@aws-cdk/aws-iam": "^0.23.0",
        "@aws-cdk/cdk": "^0.23.0"
      }
    },
    "@aws-cdk/aws-route53": {
      "version": "0.23.0",
      "resolved": "https://registry.npmjs.org/@aws-cdk/aws-route53/-/aws-route53-0.23.0.tgz",
      "integrity": "sha512-JuE5V2/QoQjZh5utsfaZPnCClPYM6Z++6Et1WQ4h0cEsVMP2U5NiWMWDeFJF160NFQkolssOoile9bCF9z8VCQ==",
      "requires": {
        "@aws-cdk/aws-ec2": "^0.23.0",
        "@aws-cdk/aws-logs": "^0.23.0",
        "@aws-cdk/cdk": "^0.23.0",
        "@aws-cdk/cx-api": "^0.23.0"
      }
    },
    "@aws-cdk/aws-s3": {
      "version": "0.23.0",
      "resolved": "https://registry.npmjs.org/@aws-cdk/aws-s3/-/aws-s3-0.23.0.tgz",
      "integrity": "sha512-lQesdUGhrPbdmtB5vTLH5IrGHYXv3pGpo3AIEjKZ1AW8cAB9bZAVyxAisJMczaGORIVdS0CSneDrorrj+qTPpQ==",
      "requires": {
        "@aws-cdk/aws-codepipeline-api": "^0.23.0",
        "@aws-cdk/aws-events": "^0.23.0",
        "@aws-cdk/aws-iam": "^0.23.0",
        "@aws-cdk/aws-kms": "^0.23.0",
        "@aws-cdk/aws-s3-notifications": "^0.23.0",
        "@aws-cdk/cdk": "^0.23.0"
      }
    },
    "@aws-cdk/aws-s3-notifications": {
      "version": "0.23.0",
      "resolved": "https://registry.npmjs.org/@aws-cdk/aws-s3-notifications/-/aws-s3-notifications-0.23.0.tgz",
      "integrity": "sha512-bdPTR0oDFOFU5XX4Jp1PMyuZbo6sDvyj5BvJ4aS3dazpbpICaFUvkqd1V1DCa6LfiGwE89HsteB3eoKhEaRDAQ==",
      "requires": {
        "@aws-cdk/cdk": "^0.23.0"
      }
    },
    "@aws-cdk/aws-sqs": {
      "version": "0.23.0",
      "resolved": "https://registry.npmjs.org/@aws-cdk/aws-sqs/-/aws-sqs-0.23.0.tgz",
      "integrity": "sha512-rivPFVElWarScrPJ+H92oXz62q+ybm1FTe+GrMw8Kgj57piwBHLrv/nc/eGz6xD80HedON2uJXSbA2ODaKLSyQ==",
      "requires": {
        "@aws-cdk/aws-autoscaling-api": "^0.23.0",
        "@aws-cdk/aws-iam": "^0.23.0",
        "@aws-cdk/aws-kms": "^0.23.0",
        "@aws-cdk/aws-s3-notifications": "^0.23.0",
        "@aws-cdk/cdk": "^0.23.0"
      }
    },
    "@aws-cdk/aws-stepfunctions": {
      "version": "0.23.0",
      "resolved": "https://registry.npmjs.org/@aws-cdk/aws-stepfunctions/-/aws-stepfunctions-0.23.0.tgz",
      "integrity": "sha512-uNQt1+5oCR4GHmzuB3efMII+WEGPMwZtm1yMk1e4wZiztuxICvXXKLXOugZD1r0pScKDkFInJ8slrM0YDc3ttQ==",
      "requires": {
        "@aws-cdk/aws-cloudwatch": "^0.23.0",
        "@aws-cdk/aws-events": "^0.23.0",
        "@aws-cdk/aws-iam": "^0.23.0",
        "@aws-cdk/cdk": "^0.23.0"
      }
    },
    "@aws-cdk/cdk": {
      "version": "0.23.0",
      "resolved": "https://registry.npmjs.org/@aws-cdk/cdk/-/cdk-0.23.0.tgz",
      "integrity": "sha512-cm3wWCG3FWo2qz714IODs8ORqvETKvg2vu8T4d+qY+jBXxhjssq9SOqfCGoKTkzC/7GUBB8onIaYE6fbcOIPXw==",
      "requires": {
        "@aws-cdk/cx-api": "^0.23.0",
        "js-base64": "^2.4.5",
        "json-diff": "^0.3.1"
      },
      "dependencies": {
        "cli-color": {
          "version": "0.1.7",
          "bundled": true,
          "requires": {
            "es5-ext": "0.8.x"
          }
        },
        "difflib": {
          "version": "0.2.4",
          "bundled": true,
          "requires": {
            "heap": ">= 0.2.0"
          }
        },
        "dreamopt": {
          "version": "0.6.0",
          "bundled": true,
          "requires": {
            "wordwrap": ">=0.0.2"
          }
        },
        "es5-ext": {
          "version": "0.8.2",
          "bundled": true
        },
        "heap": {
          "version": "0.2.6",
          "bundled": true
        },
        "js-base64": {
          "version": "2.5.1",
          "bundled": true
        },
        "json-diff": {
          "version": "0.3.1",
          "bundled": true,
          "requires": {
            "cli-color": "~0.1.6",
            "difflib": "~0.2.1",
            "dreamopt": "~0.6.0"
          }
        },
        "wordwrap": {
          "version": "1.0.0",
          "bundled": true
        }
      }
    },
    "@aws-cdk/cx-api": {
      "version": "0.23.0",
      "resolved": "https://registry.npmjs.org/@aws-cdk/cx-api/-/cx-api-0.23.0.tgz",
      "integrity": "sha512-TmMJgPLj6XX5sixywnqgogzGF2ePHd8PnDd0rk/ueisUY9NcRGWTCc9sQe2qjmP4aebJeTZXaYrkElUaZXtkHQ=="
    },
    "@types/aws-lambda": {
      "version": "8.10.18",
      "resolved": "https://registry.npmjs.org/@types/aws-lambda/-/aws-lambda-8.10.18.tgz",
      "integrity": "sha512-ePcNYGsgBJaF00+fG92e8zDcre7K6/X7wJeEyn7ICAwez9+NS47XEYlGrA0+udxo0jSuZVC8xg//PUiGNk43pA==",
      "dev": true
    },
    "@types/lodash": {
      "version": "4.14.120",
      "resolved": "https://registry.npmjs.org/@types/lodash/-/lodash-4.14.120.tgz",
      "integrity": "sha512-jQ21kQ120mo+IrDs1nFNVm/AsdFxIx2+vZ347DbogHJPd/JzKNMOqU6HCYin1W6v8l5R9XSO2/e9cxmn7HAnVw==",
      "dev": true
    },
    "@types/node": {
      "version": "8.10.39",
      "resolved": "https://registry.npmjs.org/@types/node/-/node-8.10.39.tgz",
      "integrity": "sha512-rE7fktr02J8ybFf6eysife+WF+L4sAHWzw09DgdCebEu+qDwMvv4zl6Bc+825ttGZP73kCKxa3dhJOoGJ8+5mA==",
      "dev": true
    },
    "ansi-styles": {
      "version": "3.2.1",
      "resolved": "https://registry.npmjs.org/ansi-styles/-/ansi-styles-3.2.1.tgz",
      "integrity": "sha512-VT0ZI6kZRdTh8YyJw3SMbYm/u+NqfsAxEpWO0Pf9sq8/e94WxxOpPKx9FR1FlyCtOVDNOQ+8ntlqFxiRc+r5qA==",
      "requires": {
        "color-convert": "^1.9.0"
      }
    },
    "aws-cdk": {
      "version": "2.43.1",
      "resolved": "https://registry.npmjs.org/aws-cdk/-/aws-cdk-2.43.1.tgz",
      "integrity": "sha512-Y+Pomc+LdQ14h+CvFZg+FeqcLpV8MJcoFhqcoOtGi0xC8CkdGAWH+MfIWcqePk7OVOMIzDJP2eBdd9te2CrjcQ==",
      "dev": true,
      "requires": {
        "fsevents": "2.3.2"
      }
    },
    "aws-lambda": {
      "version": "0.1.2",
      "resolved": "https://registry.npmjs.org/aws-lambda/-/aws-lambda-0.1.2.tgz",
      "integrity": "sha1-GbFYUHXfMWeVl7l2pfHe9h8SzO4=",
      "requires": {
        "aws-sdk": "^*",
        "commander": "^2.5.0",
        "dotenv": "^0.4.0"
      },
      "dependencies": {
        "dotenv": {
          "version": "0.4.0",
          "resolved": "https://registry.npmjs.org/dotenv/-/dotenv-0.4.0.tgz",
          "integrity": "sha1-9vs1E2PC2SIHJFxzeALJq1rhSVo="
        }
      }
    },
    "aws-sdk": {
      "version": "2.397.0",
      "resolved": "https://registry.npmjs.org/aws-sdk/-/aws-sdk-2.397.0.tgz",
      "integrity": "sha512-Yxt/iL8h1hNkCsBrgjZICnaIyT+q2xR9HNMii1sibmm8iIAg7Gcz/xELNgBEdGos2sWhcgYQVsp6ePbaMgpiKQ==",
      "requires": {
        "buffer": "4.9.1",
        "events": "1.1.1",
        "ieee754": "1.1.8",
        "jmespath": "0.15.0",
        "querystring": "0.2.0",
        "sax": "1.2.1",
        "url": "0.10.3",
        "uuid": "3.3.2",
        "xml2js": "0.4.19"
      },
      "dependencies": {
        "buffer": {
          "version": "4.9.1",
          "resolved": "https://registry.npmjs.org/buffer/-/buffer-4.9.1.tgz",
          "integrity": "sha1-bRu2AbB6TvztlwlBMgkwJ8lbwpg=",
          "requires": {
            "base64-js": "^1.0.2",
            "ieee754": "^1.1.4",
            "isarray": "^1.0.0"
          }
        },
        "ieee754": {
          "version": "1.1.8",
          "resolved": "https://registry.npmjs.org/ieee754/-/ieee754-1.1.8.tgz",
          "integrity": "sha1-vjPUCsEO8ZJnAfbwii2G+/0a0+Q="
        }
      }
    },
    "base64-js": {
      "version": "1.3.0",
      "resolved": "https://registry.npmjs.org/base64-js/-/base64-js-1.3.0.tgz",
      "integrity": "sha512-ccav/yGvoa80BQDljCxsmmQ3Xvx60/UpBIij5QN21W3wBi/hhIC9OoO+KLpu9IJTS9j4DRVJ3aDDF9cMSoa2lw=="
    },
    "buffer-from": {
      "version": "1.1.1",
      "resolved": "https://registry.npmjs.org/buffer-from/-/buffer-from-1.1.1.tgz",
      "integrity": "sha512-MQcXEUbCKtEo7bhqEs6560Hyd4XaovZlO/k9V3hjVUF/zwW7KBVdSK4gIt/bzwS9MbR5qob+F5jusZsb0YQK2A=="
    },
    "chalk": {
      "version": "2.4.2",
      "resolved": "https://registry.npmjs.org/chalk/-/chalk-2.4.2.tgz",
      "integrity": "sha512-Mti+f9lpJNcwF4tWV8/OrTTtF1gZi+f8FqlyAdouralcFWFQWF2+NgCHShjkCb+IFBLq9buZwE1xckQU4peSuQ==",
      "requires": {
        "ansi-styles": "^3.2.1",
        "escape-string-regexp": "^1.0.5",
        "supports-color": "^5.3.0"
      }
    },
    "color-convert": {
      "version": "1.9.3",
      "resolved": "https://registry.npmjs.org/color-convert/-/color-convert-1.9.3.tgz",
      "integrity": "sha512-QfAUtd+vFdAtFQcC8CCyYt1fYWxSqAiK2cSD6zDB8N3cpsEBAvRxp9zOGg6G/SHHJYAT88/az/IuDGALsNVbGg==",
      "requires": {
        "color-name": "1.1.3"
      }
    },
    "color-name": {
      "version": "1.1.3",
      "resolved": "https://registry.npmjs.org/color-name/-/color-name-1.1.3.tgz",
      "integrity": "sha1-p9BVi9icQveV3UIyj3QIMcpTvCU="
    },
    "commander": {
      "version": "2.19.0",
      "resolved": "https://registry.npmjs.org/commander/-/commander-2.19.0.tgz",
      "integrity": "sha512-6tvAOO+D6OENvRAh524Dh9jcfKTYDQAqvqezbCW82xj5X0pSrcpxtvRKHLG0yBY6SD7PSDrJaj+0AiOcKVd1Xg=="
    },
    "dotenv": {
      "version": "6.2.0",
      "resolved": "https://registry.npmjs.org/dotenv/-/dotenv-6.2.0.tgz",
      "integrity": "sha512-HygQCKUBSFl8wKQZBSemMywRWcEDNidvNbjGVyZu3nbZ8qq9ubiPoGLMdRDpfSrpkkm9BXYFkpKxxFX38o/76w=="
    },
    "escape-string-regexp": {
      "version": "1.0.5",
      "resolved": "https://registry.npmjs.org/escape-string-regexp/-/escape-string-regexp-1.0.5.tgz",
      "integrity": "sha1-G2HAViGQqN/2rjuyzwIAyhMLhtQ="
    },
    "events": {
      "version": "1.1.1",
      "resolved": "https://registry.npmjs.org/events/-/events-1.1.1.tgz",
      "integrity": "sha1-nr23Y1rQmccNzEwqH1AEKI6L2SQ="
    },
    "figlet": {
      "version": "1.2.1",
      "resolved": "https://registry.npmjs.org/figlet/-/figlet-1.2.1.tgz",
      "integrity": "sha512-qc8gycfnnfOmfvPl7Fi3JeTbcvdmbZkckyUVGGAM02je7Ookvu+bBfKy1I4FKqTsQHCs3ARJ76ip/k98r+OQuQ=="
    },
    "fsevents": {
      "version": "2.3.2",
      "resolved": "https://registry.npmjs.org/fsevents/-/fsevents-2.3.2.tgz",
      "integrity": "sha512-xiqMQR4xAeHTuB9uWm+fFRcIOgKBMiOBP+eXiyT7jsgVCq1bkVygt00oASowB7EdtpOHaaPgKt812P9ab+DDKA==",
      "dev": true,
      "optional": true
    },
    "has-flag": {
      "version": "3.0.0",
      "resolved": "https://registry.npmjs.org/has-flag/-/has-flag-3.0.0.tgz",
      "integrity": "sha1-tdRU3CGZriJWmfNGfloH87lVuv0="
    },
    "inherits": {
      "version": "2.0.3",
      "resolved": "https://registry.npmjs.org/inherits/-/inherits-2.0.3.tgz",
      "integrity": "sha1-Yzwsg+PaQqUC9SRmAiSA9CCCYd4="
    },
    "isarray": {
      "version": "1.0.0",
      "resolved": "https://registry.npmjs.org/isarray/-/isarray-1.0.0.tgz",
      "integrity": "sha1-u5NdSFgsuhaMBoNJV6VKPgcSTxE="
    },
    "jmespath": {
      "version": "0.15.0",
      "resolved": "https://registry.npmjs.org/jmespath/-/jmespath-0.15.0.tgz",
      "integrity": "sha1-o/Iiqarp+Wb10nx5ZRDigJF2Qhc="
    },
    "lodash": {
      "version": "4.17.11",
      "resolved": "https://registry.npmjs.org/lodash/-/lodash-4.17.11.tgz",
      "integrity": "sha512-cQKh8igo5QUhZ7lg38DYWAxMvjSAKG0A8wGSVimP07SIUEK2UO+arSRKbRZWtelMtN5V0Hkwh5ryOto/SshYIg=="
    },
    "querystring": {
      "version": "0.2.0",
      "resolved": "https://registry.npmjs.org/querystring/-/querystring-0.2.0.tgz",
      "integrity": "sha1-sgmEkgO7Jd+CDadW50cAWHhSFiA="
    },
    "sax": {
      "version": "1.2.1",
      "resolved": "https://registry.npmjs.org/sax/-/sax-1.2.1.tgz",
      "integrity": "sha1-e45lYZCyKOgaZq6nSEgNgozS03o="
    },
    "source-map": {
      "version": "0.6.1",
      "resolved": "https://registry.npmjs.org/source-map/-/source-map-0.6.1.tgz",
      "integrity": "sha512-UjgapumWlbMhkBgzT7Ykc5YXUT46F0iKu8SGXq0bcwP5dz/h0Plj6enJqjz1Zbq2l5WaqYnrVbwWOWMyF3F47g=="
    },
    "source-map-support": {
      "version": "0.5.10",
      "resolved": "https://registry.npmjs.org/source-map-support/-/source-map-support-0.5.10.tgz",
      "integrity": "sha512-YfQ3tQFTK/yzlGJuX8pTwa4tifQj4QS2Mj7UegOu8jAz59MqIiMGPXxQhVQiIMNzayuUSF/jEuVnfFF5JqybmQ==",
      "requires": {
        "buffer-from": "^1.0.0",
        "source-map": "^0.6.0"
      }
    },
    "supports-color": {
      "version": "5.5.0",
      "resolved": "https://registry.npmjs.org/supports-color/-/supports-color-5.5.0.tgz",
      "integrity": "sha512-QjVjwdXIt408MIiAqCX4oUKsgU2EqAGzs2Ppkm4aQYbjm+ZEWEcW4SfFNTr4uMNZma0ey4f5lgLrkB0aX0QMow==",
      "requires": {
        "has-flag": "^3.0.0"
      }
    },
    "typescript": {
      "version": "3.3.1",
      "resolved": "https://registry.npmjs.org/typescript/-/typescript-3.3.1.tgz",
      "integrity": "sha512-cTmIDFW7O0IHbn1DPYjkiebHxwtCMU+eTy30ZtJNBPF9j2O1ITu5XH2YnBeVRKWHqF+3JQwWJv0Q0aUgX8W7IA==",
      "dev": true
    },
    "url": {
      "version": "0.10.3",
      "resolved": "https://registry.npmjs.org/url/-/url-0.10.3.tgz",
      "integrity": "sha1-Ah5NnHcF8hu/N9A861h2dAJ3TGQ=",
      "requires": {
        "punycode": "1.3.2",
        "querystring": "0.2.0"
      },
      "dependencies": {
        "punycode": {
          "version": "1.3.2",
          "resolved": "https://registry.npmjs.org/punycode/-/punycode-1.3.2.tgz",
          "integrity": "sha1-llOgNvt8HuQjQvIyXM7v6jkmxI0="
        }
      }
    },
    "util": {
      "version": "0.11.1",
      "resolved": "https://registry.npmjs.org/util/-/util-0.11.1.tgz",
      "integrity": "sha512-HShAsny+zS2TZfaXxD9tYj4HQGlBezXZMZuM/S5PKLLoZkShZiGk9o5CzukI1LVHZvjdvZ2Sj1aW/Ndn2NB/HQ==",
      "requires": {
        "inherits": "2.0.3"
      }
    },
    "uuid": {
      "version": "3.3.2",
      "resolved": "https://registry.npmjs.org/uuid/-/uuid-3.3.2.tgz",
      "integrity": "sha512-yXJmeNaw3DnnKAOKJE51sL/ZaYfWJRl1pK9dr19YFCu0ObS231AB1/LbqTKRAQ5kw8A90rA6fr4riOUpTZvQZA=="
    },
    "xml2js": {
      "version": "0.4.19",
      "resolved": "https://registry.npmjs.org/xml2js/-/xml2js-0.4.19.tgz",
      "integrity": "sha512-esZnJZJOiJR9wWKMyuvSE1y6Dq5LCuJanqhxslH2bxM6duahNZ+HMpCLhBQGZkbX6xRf8x1Y2eJlgt2q3qo49Q==",
      "requires": {
        "sax": ">=0.6.0",
        "xmlbuilder": "~9.0.1"
      }
    },
    "xmlbuilder": {
      "version": "9.0.7",
      "resolved": "https://registry.npmjs.org/xmlbuilder/-/xmlbuilder-9.0.7.tgz",
      "integrity": "sha1-Ey7mPS7FVlxVfiD0wi35rKaGsQ0="
    }
  }
}
